
Microsoft Visual Studio Solution File, Format Version 12.00
# Visual Studio Version 16
VisualStudioVersion = 16.0.30413.136
MinimumVisualStudioVersion = 10.0.40219.1
Project("{FAE04EC0-301F-11D3-BF4B-00C04F79EFBC}") = "lab_2", "lab_2.csproj", "{C1016BB0-3F9A-4A0C-ABE1-5D5A1B0490E0}"
EndProject
Global
	GlobalSection(SolutionConfigurationPlatforms) = preSolution
		Debug|Any CPU = Debug|Any CPU
		Release|Any CPU = Release|Any CPU
	EndGlobalSection
	GlobalSection(ProjectConfigurationPlatforms) = postSolution
		{C1016BB0-3F9A-4A0C-ABE1-5D5A1B0490E0}.Debug|Any CPU.ActiveCfg = Debug|Any CPU
		{C1016BB0-3F9A-4A0C-ABE1-5D5A1B0490E0}.Debug|Any CPU.Build.0 = Debug|Any CPU
		{C1016BB0-3F9A-4A0C-ABE1-5D5A1B0490E0}.Release|Any CPU.ActiveCfg = Release|Any CPU
		{C1016BB0-3F9A-4A0C-ABE1-5D5A1B0490E0}.Release|Any CPU.Build.0 = Release|Any CPU
	EndGlobalSection
	GlobalSection(SolutionProperties) = preSolution
		HideSolutionNode = FALSE
	EndGlobalSection
	GlobalSection(ExtensibilityGlobals) = postSolution
		SolutionGuid = {B80742B5-EA1C-4150-B0E1-0349C4424A4C}
	EndGlobalSection
EndGlobal
